// !$*UTF8*$!
{
	archiveVersion = 1;
	classes = {
	};
	objectVersion = 56;
	objects = {

/* Begin PBXBuildFile section */
		D906FE942BA0CB64007A8C5A /* ImageListView.xib in Resources */ = {isa = PBXBuildFile; fileRef = D906FE932BA0CB64007A8C5A /* ImageListView.xib */; };
		D914044E2B9F15CB006C49AF /* ImagesListCell.swift in Sources */ = {isa = PBXBuildFile; fileRef = D914044D2B9F15CB006C49AF /* ImagesListCell.swift */; };
		D98999A22B91C5750081341A /* AppDelegate.swift in Sources */ = {isa = PBXBuildFile; fileRef = D98999A12B91C5750081341A /* AppDelegate.swift */; };
		D98999A42B91C5750081341A /* SceneDelegate.swift in Sources */ = {isa = PBXBuildFile; fileRef = D98999A32B91C5750081341A /* SceneDelegate.swift */; };
		D98999A62B91C5750081341A /* ImageListViewController.swift in Sources */ = {isa = PBXBuildFile; fileRef = D98999A52B91C5750081341A /* ImageListViewController.swift */; };
		D98999A92B91C5750081341A /* Main.storyboard in Resources */ = {isa = PBXBuildFile; fileRef = D98999A72B91C5750081341A /* Main.storyboard */; };
		D98999AC2B91C5750081341A /* imageFeedApp.xcdatamodeld in Sources */ = {isa = PBXBuildFile; fileRef = D98999AA2B91C5750081341A /* imageFeedApp.xcdatamodeld */; };
		D98999AE2B91C5780081341A /* Assets.xcassets in Resources */ = {isa = PBXBuildFile; fileRef = D98999AD2B91C5780081341A /* Assets.xcassets */; };
		D98999B12B91C5780081341A /* LaunchScreen.storyboard in Resources */ = {isa = PBXBuildFile; fileRef = D98999AF2B91C5780081341A /* LaunchScreen.storyboard */; };
/* End PBXBuildFile section */

/* Begin PBXFileReference section */
		D906FE932BA0CB64007A8C5A /* ImageListView.xib */ = {isa = PBXFileReference; lastKnownFileType = file.xib; path = ImageListView.xib; sourceTree = "<group>"; };
		D914044D2B9F15CB006C49AF /* ImagesListCell.swift */ = {isa = PBXFileReference; lastKnownFileType = sourcecode.swift; path = ImagesListCell.swift; sourceTree = "<group>"; };
		D989999E2B91C5750081341A /* imageFeedApp.app */ = {isa = PBXFileReference; explicitFileType = wrapper.application; includeInIndex = 0; path = imageFeedApp.app; sourceTree = BUILT_PRODUCTS_DIR; };
		D98999A12B91C5750081341A /* AppDelegate.swift */ = {isa = PBXFileReference; lastKnownFileType = sourcecode.swift; path = AppDelegate.swift; sourceTree = "<group>"; };
		D98999A32B91C5750081341A /* SceneDelegate.swift */ = {isa = PBXFileReference; lastKnownFileType = sourcecode.swift; path = SceneDelegate.swift; sourceTree = "<group>"; };
		D98999A52B91C5750081341A /* ImageListViewController.swift */ = {isa = PBXFileReference; lastKnownFileType = sourcecode.swift; path = ImageListViewController.swift; sourceTree = "<group>"; };
		D98999A82B91C5750081341A /* Base */ = {isa = PBXFileReference; lastKnownFileType = file.storyboard; name = Base; path = Base.lproj/Main.storyboard; sourceTree = "<group>"; };
		D98999AB2B91C5750081341A /* imageFeedApp.xcdatamodel */ = {isa = PBXFileReference; lastKnownFileType = wrapper.xcdatamodel; path = imageFeedApp.xcdatamodel; sourceTree = "<group>"; };
		D98999AD2B91C5780081341A /* Assets.xcassets */ = {isa = PBXFileReference; lastKnownFileType = folder.assetcatalog; path = Assets.xcassets; sourceTree = "<group>"; };
		D98999B02B91C5780081341A /* Base */ = {isa = PBXFileReference; lastKnownFileType = file.storyboard; name = Base; path = Base.lproj/LaunchScreen.storyboard; sourceTree = "<group>"; };
		D98999B22B91C5780081341A /* Info.plist */ = {isa = PBXFileReference; lastKnownFileType = text.plist.xml; path = Info.plist; sourceTree = "<group>"; };
/* End PBXFileReference section */

/* Begin PBXFrameworksBuildPhase section */
		D989999B2B91C5750081341A /* Frameworks */ = {
			isa = PBXFrameworksBuildPhase;
			buildActionMask = 2147483647;
			files = (
			);
			runOnlyForDeploymentPostprocessing = 0;
		};
/* End PBXFrameworksBuildPhase section */

/* Begin PBXGroup section */
		D914044F2B9F1627006C49AF /* ImagesList */ = {
			isa = PBXGroup;
			children = (
				D914044D2B9F15CB006C49AF /* ImagesListCell.swift */,
				D98999A52B91C5750081341A /* ImageListViewController.swift */,
				D906FE932BA0CB64007A8C5A /* ImageListView.xib */,
			);
			path = ImagesList;
			sourceTree = "<group>";
		};
		D98999952B91C5750081341A = {
			isa = PBXGroup;
			children = (
				D98999A02B91C5750081341A /* imageFeedApp */,
				D989999F2B91C5750081341A /* Products */,
			);
			sourceTree = "<group>";
		};
		D989999F2B91C5750081341A /* Products */ = {
			isa = PBXGroup;
			children = (
				D989999E2B91C5750081341A /* imageFeedApp.app */,
			);
			name = Products;
			sourceTree = "<group>";
		};
		D98999A02B91C5750081341A /* imageFeedApp */ = {
			isa = PBXGroup;
			children = (
				D914044F2B9F1627006C49AF /* ImagesList */,
				D98999A12B91C5750081341A /* AppDelegate.swift */,
				D98999A32B91C5750081341A /* SceneDelegate.swift */,
				D98999A72B91C5750081341A /* Main.storyboard */,
				D98999AD2B91C5780081341A /* Assets.xcassets */,
				D98999AF2B91C5780081341A /* LaunchScreen.storyboard */,
				D98999B22B91C5780081341A /* Info.plist */,
				D98999AA2B91C5750081341A /* imageFeedApp.xcdatamodeld */,
			);
			path = imageFeedApp;
			sourceTree = "<group>";
		};
/* End PBXGroup section */

/* Begin PBXNativeTarget section */
		D989999D2B91C5750081341A /* imageFeedApp */ = {
			isa = PBXNativeTarget;
			buildConfigurationList = D98999B52B91C5780081341A /* Build configuration list for PBXNativeTarget "imageFeedApp" */;
			buildPhases = (
				D989999A2B91C5750081341A /* Sources */,
				D989999B2B91C5750081341A /* Frameworks */,
				D989999C2B91C5750081341A /* Resources */,
			);
			buildRules = (
			);
			dependencies = (
			);
			name = imageFeedApp;
			productName = imageFeedApp;
			productReference = D989999E2B91C5750081341A /* imageFeedApp.app */;
			productType = "com.apple.product-type.application";
		};
/* End PBXNativeTarget section */

/* Begin PBXProject section */
		D98999962B91C5750081341A /* Project object */ = {
			isa = PBXProject;
			attributes = {
				BuildIndependentTargetsInParallel = 1;
				LastSwiftUpdateCheck = 1520;
				LastUpgradeCheck = 1520;
				TargetAttributes = {
					D989999D2B91C5750081341A = {
						CreatedOnToolsVersion = 15.2;
					};
				};
			};
			buildConfigurationList = D98999992B91C5750081341A /* Build configuration list for PBXProject "imageFeedApp" */;
			compatibilityVersion = "Xcode 14.0";
			developmentRegion = en;
			hasScannedForEncodings = 0;
			knownRegions = (
				en,
				Base,
			);
			mainGroup = D98999952B91C5750081341A;
			productRefGroup = D989999F2B91C5750081341A /* Products */;
			projectDirPath = "";
			projectRoot = "";
			targets = (
				D989999D2B91C5750081341A /* imageFeedApp */,
			);
		};
/* End PBXProject section */

/* Begin PBXResourcesBuildPhase section */
		D989999C2B91C5750081341A /* Resources */ = {
			isa = PBXResourcesBuildPhase;
			buildActionMask = 2147483647;
			files = (
				D906FE942BA0CB64007A8C5A /* ImageListView.xib in Resources */,
				D98999B12B91C5780081341A /* LaunchScreen.storyboard in Resources */,
				D98999AE2B91C5780081341A /* Assets.xcassets in Resources */,
				D98999A92B91C5750081341A /* Main.storyboard in Resources */,
			);
			runOnlyForDeploymentPostprocessing = 0;
		};
/* End PBXResourcesBuildPhase section */

/* Begin PBXSourcesBuildPhase section */
		D989999A2B91C5750081341A /* Sources */ = {
			isa = PBXSourcesBuildPhase;
			buildActionMask = 2147483647;
			files = (
				D98999A62B91C5750081341A /* ImageListViewController.swift in Sources */,
				D914044E2B9F15CB006C49AF /* ImagesListCell.swift in Sources */,
				D98999AC2B91C5750081341A /* imageFeedApp.xcdatamodeld in Sources */,
				D98999A22B91C5750081341A /* AppDelegate.swift in Sources */,
				D98999A42B91C5750081341A /* SceneDelegate.swift in Sources */,
			);
			runOnlyForDeploymentPostprocessing = 0;
		};
/* End PBXSourcesBuildPhase section */

/* Begin PBXVariantGroup section */
		D98999A72B91C5750081341A /* Main.storyboard */ = {
			isa = PBXVariantGroup;
			children = (
				D98999A82B91C5750081341A /* Base */,
			);
			name = Main.storyboard;
			sourceTree = "<group>";
		};
		D98999AF2B91C5780081341A /* LaunchScreen.storyboard */ = {
			isa = PBXVariantGroup;
			children = (
				D98999B02B91C5780081341A /* Base */,
			);
			name = LaunchScreen.storyboard;
			sourceTree = "<group>";
		};
/* End PBXVariantGroup section */

/* Begin XCBuildConfiguration section */
		D98999B32B91C5780081341A /* Debug */ = {
			isa = XCBuildConfiguration;
			buildSettings = {
				ALWAYS_SEARCH_USER_PATHS = NO;
				ASSETCATALOG_COMPILER_GENERATE_SWIFT_ASSET_SYMBOL_EXTENSIONS = YES;
				CLANG_ANALYZER_NONNULL = YES;
				CLANG_ANALYZER_NUMBER_OBJECT_CONVERSION = YES_AGGRESSIVE;
				CLANG_CXX_LANGUAGE_STANDARD = "gnu++20";
				CLANG_ENABLE_MODULES = YES;
				CLANG_ENABLE_OBJC_ARC = YES;
				CLANG_ENABLE_OBJC_WEAK = YES;
				CLANG_WARN_BLOCK_CAPTURE_AUTORELEASING = YES;
				CLANG_WARN_BOOL_CONVERSION = YES;
				CLANG_WARN_COMMA = YES;
				CLANG_WARN_CONSTANT_CONVERSION = YES;
				CLANG_WARN_DEPRECATED_OBJC_IMPLEMENTATIONS = YES;
				CLANG_WARN_DIRECT_OBJC_ISA_USAGE = YES_ERROR;
				CLANG_WARN_DOCUMENTATION_COMMENTS = YES;
				CLANG_WARN_EMPTY_BODY = YES;
				CLANG_WARN_ENUM_CONVERSION = YES;
				CLANG_WARN_INFINITE_RECURSION = YES;
				CLANG_WARN_INT_CONVERSION = YES;
				CLANG_WARN_NON_LITERAL_NULL_CONVERSION = YES;
				CLANG_WARN_OBJC_IMPLICIT_RETAIN_SELF = YES;
				CLANG_WARN_OBJC_LITERAL_CONVERSION = YES;
				CLANG_WARN_OBJC_ROOT_CLASS = YES_ERROR;
				CLANG_WARN_QUOTED_INCLUDE_IN_FRAMEWORK_HEADER = YES;
				CLANG_WARN_RANGE_LOOP_ANALYSIS = YES;
				CLANG_WARN_STRICT_PROTOTYPES = YES;
				CLANG_WARN_SUSPICIOUS_MOVE = YES;
				CLANG_WARN_UNGUARDED_AVAILABILITY = YES_AGGRESSIVE;
				CLANG_WARN_UNREACHABLE_CODE = YES;
				CLANG_WARN__DUPLICATE_METHOD_MATCH = YES;
				COPY_PHASE_STRIP = NO;
				DEBUG_INFORMATION_FORMAT = dwarf;
				ENABLE_STRICT_OBJC_MSGSEND = YES;
				ENABLE_TESTABILITY = YES;
				ENABLE_USER_SCRIPT_SANDBOXING = YES;
				GCC_C_LANGUAGE_STANDARD = gnu17;
				GCC_DYNAMIC_NO_PIC = NO;
				GCC_NO_COMMON_BLOCKS = YES;
				GCC_OPTIMIZATION_LEVEL = 0;
				GCC_PREPROCESSOR_DEFINITIONS = (
					"DEBUG=1",
					"$(inherited)",
				);
				GCC_WARN_64_TO_32_BIT_CONVERSION = YES;
				GCC_WARN_ABOUT_RETURN_TYPE = YES_ERROR;
				GCC_WARN_UNDECLARED_SELECTOR = YES;
				GCC_WARN_UNINITIALIZED_AUTOS = YES_AGGRESSIVE;
				GCC_WARN_UNUSED_FUNCTION = YES;
				GCC_WARN_UNUSED_VARIABLE = YES;
				IPHONEOS_DEPLOYMENT_TARGET = 17.2;
				LOCALIZATION_PREFERS_STRING_CATALOGS = YES;
				MTL_ENABLE_DEBUG_INFO = INCLUDE_SOURCE;
				MTL_FAST_MATH = YES;
				ONLY_ACTIVE_ARCH = YES;
				SDKROOT = iphoneos;
				SWIFT_ACTIVE_COMPILATION_CONDITIONS = "DEBUG $(inherited)";
				SWIFT_OPTIMIZATION_LEVEL = "-Onone";
			};
			name = Debug;
		};
		D98999B42B91C5780081341A /* Release */ = {
			isa = XCBuildConfiguration;
			buildSettings = {
				ALWAYS_SEARCH_USER_PATHS = NO;
				ASSETCATALOG_COMPILER_GENERATE_SWIFT_ASSET_SYMBOL_EXTENSIONS = YES;
				CLANG_ANALYZER_NONNULL = YES;
				CLANG_ANALYZER_NUMBER_OBJECT_CONVERSION = YES_AGGRESSIVE;
				CLANG_CXX_LANGUAGE_STANDARD = "gnu++20";
				CLANG_ENABLE_MODULES = YES;
				CLANG_ENABLE_OBJC_ARC = YES;
				CLANG_ENABLE_OBJC_WEAK = YES;
				CLANG_WARN_BLOCK_CAPTURE_AUTORELEASING = YES;
				CLANG_WARN_BOOL_CONVERSION = YES;
				CLANG_WARN_COMMA = YES;
				CLANG_WARN_CONSTANT_CONVERSION = YES;
				CLANG_WARN_DEPRECATED_OBJC_IMPLEMENTATIONS = YES;
				CLANG_WARN_DIRECT_OBJC_ISA_USAGE = YES_ERROR;
				CLANG_WARN_DOCUMENTATION_COMMENTS = YES;
				CLANG_WARN_EMPTY_BODY = YES;
				CLANG_WARN_ENUM_CONVERSION = YES;
				CLANG_WARN_INFINITE_RECURSION = YES;
				CLANG_WARN_INT_CONVERSION = YES;
				CLANG_WARN_NON_LITERAL_NULL_CONVERSION = YES;
				CLANG_WARN_OBJC_IMPLICIT_RETAIN_SELF = YES;
				CLANG_WARN_OBJC_LITERAL_CONVERSION = YES;
				CLANG_WARN_OBJC_ROOT_CLASS = YES_ERROR;
				CLANG_WARN_QUOTED_INCLUDE_IN_FRAMEWORK_HEADER = YES;
				CLANG_WARN_RANGE_LOOP_ANALYSIS = YES;
				CLANG_WARN_STRICT_PROTOTYPES = YES;
				CLANG_WARN_SUSPICIOUS_MOVE = YES;
				CLANG_WARN_UNGUARDED_AVAILABILITY = YES_AGGRESSIVE;
				CLANG_WARN_UNREACHABLE_CODE = YES;
				CLANG_WARN__DUPLICATE_METHOD_MATCH = YES;
				COPY_PHASE_STRIP = NO;
				DEBUG_INFORMATION_FORMAT = "dwarf-with-dsym";
				ENABLE_NS_ASSERTIONS = NO;
				ENABLE_STRICT_OBJC_MSGSEND = YES;
				ENABLE_USER_SCRIPT_SANDBOXING = YES;
				GCC_C_LANGUAGE_STANDARD = gnu17;
				GCC_NO_COMMON_BLOCKS = YES;
				GCC_WARN_64_TO_32_BIT_CONVERSION = YES;
				GCC_WARN_ABOUT_RETURN_TYPE = YES_ERROR;
				GCC_WARN_UNDECLARED_SELECTOR = YES;
				GCC_WARN_UNINITIALIZED_AUTOS = YES_AGGRESSIVE;
				GCC_WARN_UNUSED_FUNCTION = YES;
				GCC_WARN_UNUSED_VARIABLE = YES;
				IPHONEOS_DEPLOYMENT_TARGET = 17.2;
				LOCALIZATION_PREFERS_STRING_CATALOGS = YES;
				MTL_ENABLE_DEBUG_INFO = NO;
				MTL_FAST_MATH = YES;
				SDKROOT = iphoneos;
				SWIFT_COMPILATION_MODE = wholemodule;
				VALIDATE_PRODUCT = YES;
			};
			name = Release;
		};
		D98999B62B91C5780081341A /* Debug */ = {
			isa = XCBuildConfiguration;
			buildSettings = {
				ASSETCATALOG_COMPILER_APPICON_NAME = AppIcon;
				ASSETCATALOG_COMPILER_GLOBAL_ACCENT_COLOR_NAME = AccentColor;
				CODE_SIGN_STYLE = Automatic;
				CURRENT_PROJECT_VERSION = 1;
				DEVELOPMENT_TEAM = ZMAYKSDL6R;
				GENERATE_INFOPLIST_FILE = YES;
				INFOPLIST_FILE = imageFeedApp/Info.plist;
				INFOPLIST_KEY_UIApplicationSupportsIndirectInputEvents = YES;
				INFOPLIST_KEY_UILaunchStoryboardName = LaunchScreen;
				INFOPLIST_KEY_UIMainStoryboardFile = Main;
				INFOPLIST_KEY_UISupportedInterfaceOrientations = UIInterfaceOrientationPortrait;
				INFOPLIST_KEY_UISupportedInterfaceOrientations_iPad = "UIInterfaceOrientationLandscapeLeft UIInterfaceOrientationLandscapeRight UIInterfaceOrientationPortrait UIInterfaceOrientationPortraitUpsideDown";
				IPHONEOS_DEPLOYMENT_TARGET = 13.0;
				LD_RUNPATH_SEARCH_PATHS = (
					"$(inherited)",
					"@executable_path/Frameworks",
				);
				MARKETING_VERSION = 1.0;
				PRODUCT_BUNDLE_IDENTIFIER = com.pudramusic.github.imageFeedApp;
				PRODUCT_NAME = "$(TARGET_NAME)";
				SUPPORTED_PLATFORMS = "iphoneos iphonesimulator";
				SUPPORTS_MACCATALYST = NO;
				SWIFT_EMIT_LOC_STRINGS = YES;
				SWIFT_VERSION = 5.0;
				TARGETED_DEVICE_FAMILY = 1;
			};
			name = Debug;
		};
		D98999B72B91C5780081341A /* Release */ = {
			isa = XCBuildConfiguration;
			buildSettings = {
				ASSETCATALOG_COMPILER_APPICON_NAME = AppIcon;
				ASSETCATALOG_COMPILER_GLOBAL_ACCENT_COLOR_NAME = AccentColor;
				CODE_SIGN_STYLE = Automatic;
				CURRENT_PROJECT_VERSION = 1;
				DEVELOPMENT_TEAM = ZMAYKSDL6R;
				GENERATE_INFOPLIST_FILE = YES;
				INFOPLIST_FILE = imageFeedApp/Info.plist;
				INFOPLIST_KEY_UIApplicationSupportsIndirectInputEvents = YES;
				INFOPLIST_KEY_UILaunchStoryboardName = LaunchScreen;
				INFOPLIST_KEY_UIMainStoryboardFile = Main;
				INFOPLIST_KEY_UISupportedInterfaceOrientations = UIInterfaceOrientationPortrait;
				INFOPLIST_KEY_UISupportedInterfaceOrientations_iPad = "UIInterfaceOrientationLandscapeLeft UIInterfaceOrientationLandscapeRight UIInterfaceOrientationPortrait UIInterfaceOrientationPortraitUpsideDown";
				IPHONEOS_DEPLOYMENT_TARGET = 13.0;
				LD_RUNPATH_SEARCH_PATHS = (
					"$(inherited)",
					"@executable_path/Frameworks",
				);
				MARKETING_VERSION = 1.0;
				PRODUCT_BUNDLE_IDENTIFIER = com.pudramusic.github.imageFeedApp;
				PRODUCT_NAME = "$(TARGET_NAME)";
				SUPPORTED_PLATFORMS = "iphoneos iphonesimulator";
				SUPPORTS_MACCATALYST = NO;
				SWIFT_EMIT_LOC_STRINGS = YES;
				SWIFT_VERSION = 5.0;
				TARGETED_DEVICE_FAMILY = 1;
			};
			name = Release;
		};
/* End XCBuildConfiguration section */

/* Begin XCConfigurationList section */
		D98999992B91C5750081341A /* Build configuration list for PBXProject "imageFeedApp" */ = {
			isa = XCConfigurationList;
			buildConfigurations = (
				D98999B32B91C5780081341A /* Debug */,
				D98999B42B91C5780081341A /* Release */,
			);
			defaultConfigurationIsVisible = 0;
			defaultConfigurationName = Release;
		};
		D98999B52B91C5780081341A /* Build configuration list for PBXNativeTarget "imageFeedApp" */ = {
			isa = XCConfigurationList;
			buildConfigurations = (
				D98999B62B91C5780081341A /* Debug */,
				D98999B72B91C5780081341A /* Release */,
			);
			defaultConfigurationIsVisible = 0;
			defaultConfigurationName = Release;
		};
/* End XCConfigurationList section */

/* Begin XCVersionGroup section */
		D98999AA2B91C5750081341A /* imageFeedApp.xcdatamodeld */ = {
			isa = XCVersionGroup;
			children = (
				D98999AB2B91C5750081341A /* imageFeedApp.xcdatamodel */,
			);
			currentVersion = D98999AB2B91C5750081341A /* imageFeedApp.xcdatamodel */;
			path = imageFeedApp.xcdatamodeld;
			sourceTree = "<group>";
			versionGroupType = wrapper.xcdatamodel;
		};
/* End XCVersionGroup section */
	};
	rootObject = D98999962B91C5750081341A /* Project object */;
}
